
Microsoft Visual Studio Solution File, Format Version 12.00
# Visual Studio 15
VisualStudioVersion = 15.0.28307.329
MinimumVisualStudioVersion = 10.0.40219.1
Project("{FAE04EC0-301F-11D3-BF4B-00C04F79EFBC}") = "Aflevering3", "Aflevering3\Aflevering3.csproj", "{012FAADC-FBDF-4353-8C88-C4614751C458}"
EndProject
Global
	GlobalSection(SolutionConfigurationPlatforms) = preSolution
		Debug|Any CPU = Debug|Any CPU
		Release|Any CPU = Release|Any CPU
	EndGlobalSection
	GlobalSection(ProjectConfigurationPlatforms) = postSolution
		{012FAADC-FBDF-4353-8C88-C4614751C458}.Debug|Any CPU.ActiveCfg = Debug|Any CPU
		{012FAADC-FBDF-4353-8C88-C4614751C458}.Debug|Any CPU.Build.0 = Debug|Any CPU
		{012FAADC-FBDF-4353-8C88-C4614751C458}.Release|Any CPU.ActiveCfg = Release|Any CPU
		{012FAADC-FBDF-4353-8C88-C4614751C458}.Release|Any CPU.Build.0 = Release|Any CPU
	EndGlobalSection
	GlobalSection(SolutionProperties) = preSolution
		HideSolutionNode = FALSE
	EndGlobalSection
	GlobalSection(ExtensibilityGlobals) = postSolution
		SolutionGuid = {82D40209-F97A-460C-AB3A-78E1469A266C}
	EndGlobalSection
EndGlobal
